
Microsoft Visual Studio Solution File, Format Version 12.00
# Visual Studio Version 17
VisualStudioVersion = 17.12.35707.178 d17.12
MinimumVisualStudioVersion = 10.0.40219.1
Project("{FAE04EC0-301F-11D3-BF4B-00C04F79EFBC}") = "Stuller_Console_App_Latest", "Stuller_Console_App_Latest\Stuller_Console_App_Latest.csproj", "{C8D075EB-4A1A-4B57-9EEC-E3B47D001890}"
EndProject
Project("{FAE04EC0-301F-11D3-BF4B-00C04F79EFBC}") = "Stuller_Console_UnitTest", "Stuller_Console_UnitTest\Stuller_Console_UnitTest.csproj", "{B2E1960F-8523-4958-85CA-260B128417FE}"
EndProject
Global
	GlobalSection(SolutionConfigurationPlatforms) = preSolution
		Debug|Any CPU = Debug|Any CPU
		Release|Any CPU = Release|Any CPU
	EndGlobalSection
	GlobalSection(ProjectConfigurationPlatforms) = postSolution
		{C8D075EB-4A1A-4B57-9EEC-E3B47D001890}.Debug|Any CPU.ActiveCfg = Debug|Any CPU
		{C8D075EB-4A1A-4B57-9EEC-E3B47D001890}.Debug|Any CPU.Build.0 = Debug|Any CPU
		{C8D075EB-4A1A-4B57-9EEC-E3B47D001890}.Release|Any CPU.ActiveCfg = Release|Any CPU
		{C8D075EB-4A1A-4B57-9EEC-E3B47D001890}.Release|Any CPU.Build.0 = Release|Any CPU
		{B2E1960F-8523-4958-85CA-260B128417FE}.Debug|Any CPU.ActiveCfg = Debug|Any CPU
		{B2E1960F-8523-4958-85CA-260B128417FE}.Debug|Any CPU.Build.0 = Debug|Any CPU
		{B2E1960F-8523-4958-85CA-260B128417FE}.Release|Any CPU.ActiveCfg = Release|Any CPU
		{B2E1960F-8523-4958-85CA-260B128417FE}.Release|Any CPU.Build.0 = Release|Any CPU
	EndGlobalSection
	GlobalSection(SolutionProperties) = preSolution
		HideSolutionNode = FALSE
	EndGlobalSection
EndGlobal
